// !$*UTF8*$!
{
	archiveVersion = 1;
	classes = {
	};
	objectVersion = 56;
	objects = {

/* Begin PBXBuildFile section */
		8C5840E22B0FE9DA00DF1D9C /* CalculatorApp.swift in Sources */ = {isa = PBXBuildFile; fileRef = 8C5840E12B0FE9DA00DF1D9C /* CalculatorApp.swift */; };
		8C5840E42B0FE9DA00DF1D9C /* MainCalculatorView.swift in Sources */ = {isa = PBXBuildFile; fileRef = 8C5840E32B0FE9DA00DF1D9C /* MainCalculatorView.swift */; };
		8C5840E62B0FE9DB00DF1D9C /* Assets.xcassets in Resources */ = {isa = PBXBuildFile; fileRef = 8C5840E52B0FE9DB00DF1D9C /* Assets.xcassets */; };
		8C5840EA2B0FE9DB00DF1D9C /* Preview Assets.xcassets in Resources */ = {isa = PBXBuildFile; fileRef = 8C5840E92B0FE9DB00DF1D9C /* Preview Assets.xcassets */; };
		8CA55D522B110E0F00B6CDD5 /* ButtonView.swift in Sources */ = {isa = PBXBuildFile; fileRef = 8CA55D512B110E0F00B6CDD5 /* ButtonView.swift */; };
		8CA55D552B1115E000B6CDD5 /* ColorConstants.swift in Sources */ = {isa = PBXBuildFile; fileRef = 8CA55D542B1115E000B6CDD5 /* ColorConstants.swift */; };
		8CA55D572B1117FC00B6CDD5 /* BackgroundColorView.swift in Sources */ = {isa = PBXBuildFile; fileRef = 8CA55D562B1117FC00B6CDD5 /* BackgroundColorView.swift */; };
		8CA55D592B111CE400B6CDD5 /* LightDartModeButtonView.swift in Sources */ = {isa = PBXBuildFile; fileRef = 8CA55D582B111CE400B6CDD5 /* LightDartModeButtonView.swift */; };
		8CA55D5B2B1122D200B6CDD5 /* ComputationView.swift in Sources */ = {isa = PBXBuildFile; fileRef = 8CA55D5A2B1122D200B6CDD5 /* ComputationView.swift */; };
		8CA55D5D2B11276900B6CDD5 /* CalcButtonsView.swift in Sources */ = {isa = PBXBuildFile; fileRef = 8CA55D5C2B11276900B6CDD5 /* CalcButtonsView.swift */; };
		8CA55D632B12232400B6CDD5 /* Enumerations.swift in Sources */ = {isa = PBXBuildFile; fileRef = 8CA55D622B12232400B6CDD5 /* Enumerations.swift */; };
		8CA55D662B122E9200B6CDD5 /* CalcButtonModel.swift in Sources */ = {isa = PBXBuildFile; fileRef = 8CA55D652B122E9200B6CDD5 /* CalcButtonModel.swift */; };
		8CA55D682B122FA800B6CDD5 /* RowOfCalcButtonsModel.swift in Sources */ = {isa = PBXBuildFile; fileRef = 8CA55D672B122FA800B6CDD5 /* RowOfCalcButtonsModel.swift */; };
		8CA55D6B2B12373D00B6CDD5 /* ButtonsData.swift in Sources */ = {isa = PBXBuildFile; fileRef = 8CA55D6A2B12373D00B6CDD5 /* ButtonsData.swift */; };
		8CA55D6D2B124BA900B6CDD5 /* SizeConstants.swift in Sources */ = {isa = PBXBuildFile; fileRef = 8CA55D6C2B124BA900B6CDD5 /* SizeConstants.swift */; };
/* End PBXBuildFile section */

/* Begin PBXFileReference section */
		8C5840DE2B0FE9DA00DF1D9C /* Calculator.app */ = {isa = PBXFileReference; explicitFileType = wrapper.application; includeInIndex = 0; path = Calculator.app; sourceTree = BUILT_PRODUCTS_DIR; };
		8C5840E12B0FE9DA00DF1D9C /* CalculatorApp.swift */ = {isa = PBXFileReference; lastKnownFileType = sourcecode.swift; path = CalculatorApp.swift; sourceTree = "<group>"; };
		8C5840E32B0FE9DA00DF1D9C /* MainCalculatorView.swift */ = {isa = PBXFileReference; lastKnownFileType = sourcecode.swift; path = MainCalculatorView.swift; sourceTree = "<group>"; };
		8C5840E52B0FE9DB00DF1D9C /* Assets.xcassets */ = {isa = PBXFileReference; lastKnownFileType = folder.assetcatalog; path = Assets.xcassets; sourceTree = "<group>"; };
		8C5840E72B0FE9DB00DF1D9C /* Calculator.entitlements */ = {isa = PBXFileReference; lastKnownFileType = text.plist.entitlements; path = Calculator.entitlements; sourceTree = "<group>"; };
		8C5840E92B0FE9DB00DF1D9C /* Preview Assets.xcassets */ = {isa = PBXFileReference; lastKnownFileType = folder.assetcatalog; path = "Preview Assets.xcassets"; sourceTree = "<group>"; };
		8CA55D512B110E0F00B6CDD5 /* ButtonView.swift */ = {isa = PBXFileReference; lastKnownFileType = sourcecode.swift; path = ButtonView.swift; sourceTree = "<group>"; };
		8CA55D542B1115E000B6CDD5 /* ColorConstants.swift */ = {isa = PBXFileReference; lastKnownFileType = sourcecode.swift; path = ColorConstants.swift; sourceTree = "<group>"; };
		8CA55D562B1117FC00B6CDD5 /* BackgroundColorView.swift */ = {isa = PBXFileReference; lastKnownFileType = sourcecode.swift; path = BackgroundColorView.swift; sourceTree = "<group>"; };
		8CA55D582B111CE400B6CDD5 /* LightDartModeButtonView.swift */ = {isa = PBXFileReference; lastKnownFileType = sourcecode.swift; path = LightDartModeButtonView.swift; sourceTree = "<group>"; };
		8CA55D5A2B1122D200B6CDD5 /* ComputationView.swift */ = {isa = PBXFileReference; lastKnownFileType = sourcecode.swift; path = ComputationView.swift; sourceTree = "<group>"; };
		8CA55D5C2B11276900B6CDD5 /* CalcButtonsView.swift */ = {isa = PBXFileReference; lastKnownFileType = sourcecode.swift; path = CalcButtonsView.swift; sourceTree = "<group>"; };
		8CA55D622B12232400B6CDD5 /* Enumerations.swift */ = {isa = PBXFileReference; lastKnownFileType = sourcecode.swift; path = Enumerations.swift; sourceTree = "<group>"; };
		8CA55D652B122E9200B6CDD5 /* CalcButtonModel.swift */ = {isa = PBXFileReference; lastKnownFileType = sourcecode.swift; path = CalcButtonModel.swift; sourceTree = "<group>"; };
		8CA55D672B122FA800B6CDD5 /* RowOfCalcButtonsModel.swift */ = {isa = PBXFileReference; lastKnownFileType = sourcecode.swift; path = RowOfCalcButtonsModel.swift; sourceTree = "<group>"; };
		8CA55D6A2B12373D00B6CDD5 /* ButtonsData.swift */ = {isa = PBXFileReference; lastKnownFileType = sourcecode.swift; path = ButtonsData.swift; sourceTree = "<group>"; };
		8CA55D6C2B124BA900B6CDD5 /* SizeConstants.swift */ = {isa = PBXFileReference; lastKnownFileType = sourcecode.swift; path = SizeConstants.swift; sourceTree = "<group>"; };
/* End PBXFileReference section */

/* Begin PBXFrameworksBuildPhase section */
		8C5840DB2B0FE9DA00DF1D9C /* Frameworks */ = {
			isa = PBXFrameworksBuildPhase;
			buildActionMask = 2147483647;
			files = (
			);
			runOnlyForDeploymentPostprocessing = 0;
		};
/* End PBXFrameworksBuildPhase section */

/* Begin PBXGroup section */
		8C5840D52B0FE9DA00DF1D9C = {
			isa = PBXGroup;
			children = (
				8C5840E02B0FE9DA00DF1D9C /* Calculator */,
				8C5840DF2B0FE9DA00DF1D9C /* Products */,
			);
			sourceTree = "<group>";
		};
		8C5840DF2B0FE9DA00DF1D9C /* Products */ = {
			isa = PBXGroup;
			children = (
				8C5840DE2B0FE9DA00DF1D9C /* Calculator.app */,
			);
			name = Products;
			sourceTree = "<group>";
		};
		8C5840E02B0FE9DA00DF1D9C /* Calculator */ = {
			isa = PBXGroup;
			children = (
				8CA55D692B12372700B6CDD5 /* Data */,
				8CA55D642B122E6A00B6CDD5 /* Models */,
				8CA55D532B1115CD00B6CDD5 /* Constants */,
				8CA55D502B110DF900B6CDD5 /* Views */,
				8C5840E12B0FE9DA00DF1D9C /* CalculatorApp.swift */,
				8C5840E32B0FE9DA00DF1D9C /* MainCalculatorView.swift */,
				8C5840E52B0FE9DB00DF1D9C /* Assets.xcassets */,
				8C5840E72B0FE9DB00DF1D9C /* Calculator.entitlements */,
				8C5840E82B0FE9DB00DF1D9C /* Preview Content */,
			);
			path = Calculator;
			sourceTree = "<group>";
		};
		8C5840E82B0FE9DB00DF1D9C /* Preview Content */ = {
			isa = PBXGroup;
			children = (
				8C5840E92B0FE9DB00DF1D9C /* Preview Assets.xcassets */,
			);
			path = "Preview Content";
			sourceTree = "<group>";
		};
		8CA55D502B110DF900B6CDD5 /* Views */ = {
			isa = PBXGroup;
			children = (
				8CA55D5C2B11276900B6CDD5 /* CalcButtonsView.swift */,
				8CA55D512B110E0F00B6CDD5 /* ButtonView.swift */,
				8CA55D562B1117FC00B6CDD5 /* BackgroundColorView.swift */,
				8CA55D582B111CE400B6CDD5 /* LightDartModeButtonView.swift */,
				8CA55D5A2B1122D200B6CDD5 /* ComputationView.swift */,
			);
			path = Views;
			sourceTree = "<group>";
		};
		8CA55D532B1115CD00B6CDD5 /* Constants */ = {
			isa = PBXGroup;
			children = (
				8CA55D542B1115E000B6CDD5 /* ColorConstants.swift */,
				8CA55D622B12232400B6CDD5 /* Enumerations.swift */,
				8CA55D6C2B124BA900B6CDD5 /* SizeConstants.swift */,
			);
			path = Constants;
			sourceTree = "<group>";
		};
		8CA55D642B122E6A00B6CDD5 /* Models */ = {
			isa = PBXGroup;
			children = (
				8CA55D652B122E9200B6CDD5 /* CalcButtonModel.swift */,
				8CA55D672B122FA800B6CDD5 /* RowOfCalcButtonsModel.swift */,
			);
			path = Models;
			sourceTree = "<group>";
		};
		8CA55D692B12372700B6CDD5 /* Data */ = {
			isa = PBXGroup;
			children = (
				8CA55D6A2B12373D00B6CDD5 /* ButtonsData.swift */,
			);
			path = Data;
			sourceTree = "<group>";
		};
/* End PBXGroup section */

/* Begin PBXNativeTarget section */
		8C5840DD2B0FE9DA00DF1D9C /* Calculator */ = {
			isa = PBXNativeTarget;
			buildConfigurationList = 8C5840ED2B0FE9DB00DF1D9C /* Build configuration list for PBXNativeTarget "Calculator" */;
			buildPhases = (
				8C5840DA2B0FE9DA00DF1D9C /* Sources */,
				8C5840DB2B0FE9DA00DF1D9C /* Frameworks */,
				8C5840DC2B0FE9DA00DF1D9C /* Resources */,
			);
			buildRules = (
			);
			dependencies = (
			);
			name = Calculator;
			productName = Calculator;
			productReference = 8C5840DE2B0FE9DA00DF1D9C /* Calculator.app */;
			productType = "com.apple.product-type.application";
		};
/* End PBXNativeTarget section */

/* Begin PBXProject section */
		8C5840D62B0FE9DA00DF1D9C /* Project object */ = {
			isa = PBXProject;
			attributes = {
				BuildIndependentTargetsInParallel = 1;
				LastSwiftUpdateCheck = 1500;
				LastUpgradeCheck = 1500;
				TargetAttributes = {
					8C5840DD2B0FE9DA00DF1D9C = {
						CreatedOnToolsVersion = 15.0;
					};
				};
			};
			buildConfigurationList = 8C5840D92B0FE9DA00DF1D9C /* Build configuration list for PBXProject "Calculator" */;
			compatibilityVersion = "Xcode 14.0";
			developmentRegion = en;
			hasScannedForEncodings = 0;
			knownRegions = (
				en,
				Base,
			);
			mainGroup = 8C5840D52B0FE9DA00DF1D9C;
			productRefGroup = 8C5840DF2B0FE9DA00DF1D9C /* Products */;
			projectDirPath = "";
			projectRoot = "";
			targets = (
				8C5840DD2B0FE9DA00DF1D9C /* Calculator */,
			);
		};
/* End PBXProject section */

/* Begin PBXResourcesBuildPhase section */
		8C5840DC2B0FE9DA00DF1D9C /* Resources */ = {
			isa = PBXResourcesBuildPhase;
			buildActionMask = 2147483647;
			files = (
				8C5840EA2B0FE9DB00DF1D9C /* Preview Assets.xcassets in Resources */,
				8C5840E62B0FE9DB00DF1D9C /* Assets.xcassets in Resources */,
			);
			runOnlyForDeploymentPostprocessing = 0;
		};
/* End PBXResourcesBuildPhase section */

/* Begin PBXSourcesBuildPhase section */
		8C5840DA2B0FE9DA00DF1D9C /* Sources */ = {
			isa = PBXSourcesBuildPhase;
			buildActionMask = 2147483647;
			files = (
				8CA55D5B2B1122D200B6CDD5 /* ComputationView.swift in Sources */,
				8CA55D6B2B12373D00B6CDD5 /* ButtonsData.swift in Sources */,
				8CA55D522B110E0F00B6CDD5 /* ButtonView.swift in Sources */,
				8CA55D632B12232400B6CDD5 /* Enumerations.swift in Sources */,
				8CA55D592B111CE400B6CDD5 /* LightDartModeButtonView.swift in Sources */,
				8CA55D662B122E9200B6CDD5 /* CalcButtonModel.swift in Sources */,
				8CA55D6D2B124BA900B6CDD5 /* SizeConstants.swift in Sources */,
				8CA55D5D2B11276900B6CDD5 /* CalcButtonsView.swift in Sources */,
				8C5840E42B0FE9DA00DF1D9C /* MainCalculatorView.swift in Sources */,
				8C5840E22B0FE9DA00DF1D9C /* CalculatorApp.swift in Sources */,
				8CA55D552B1115E000B6CDD5 /* ColorConstants.swift in Sources */,
				8CA55D682B122FA800B6CDD5 /* RowOfCalcButtonsModel.swift in Sources */,
				8CA55D572B1117FC00B6CDD5 /* BackgroundColorView.swift in Sources */,
			);
			runOnlyForDeploymentPostprocessing = 0;
		};
/* End PBXSourcesBuildPhase section */

/* Begin XCBuildConfiguration section */
		8C5840EB2B0FE9DB00DF1D9C /* Debug */ = {
			isa = XCBuildConfiguration;
			buildSettings = {
				ALWAYS_SEARCH_USER_PATHS = NO;
				ASSETCATALOG_COMPILER_GENERATE_SWIFT_ASSET_SYMBOL_EXTENSIONS = YES;
				CLANG_ANALYZER_NONNULL = YES;
				CLANG_ANALYZER_NUMBER_OBJECT_CONVERSION = YES_AGGRESSIVE;
				CLANG_CXX_LANGUAGE_STANDARD = "gnu++20";
				CLANG_ENABLE_MODULES = YES;
				CLANG_ENABLE_OBJC_ARC = YES;
				CLANG_ENABLE_OBJC_WEAK = YES;
				CLANG_WARN_BLOCK_CAPTURE_AUTORELEASING = YES;
				CLANG_WARN_BOOL_CONVERSION = YES;
				CLANG_WARN_COMMA = YES;
				CLANG_WARN_CONSTANT_CONVERSION = YES;
				CLANG_WARN_DEPRECATED_OBJC_IMPLEMENTATIONS = YES;
				CLANG_WARN_DIRECT_OBJC_ISA_USAGE = YES_ERROR;
				CLANG_WARN_DOCUMENTATION_COMMENTS = YES;
				CLANG_WARN_EMPTY_BODY = YES;
				CLANG_WARN_ENUM_CONVERSION = YES;
				CLANG_WARN_INFINITE_RECURSION = YES;
				CLANG_WARN_INT_CONVERSION = YES;
				CLANG_WARN_NON_LITERAL_NULL_CONVERSION = YES;
				CLANG_WARN_OBJC_IMPLICIT_RETAIN_SELF = YES;
				CLANG_WARN_OBJC_LITERAL_CONVERSION = YES;
				CLANG_WARN_OBJC_ROOT_CLASS = YES_ERROR;
				CLANG_WARN_QUOTED_INCLUDE_IN_FRAMEWORK_HEADER = YES;
				CLANG_WARN_RANGE_LOOP_ANALYSIS = YES;
				CLANG_WARN_STRICT_PROTOTYPES = YES;
				CLANG_WARN_SUSPICIOUS_MOVE = YES;
				CLANG_WARN_UNGUARDED_AVAILABILITY = YES_AGGRESSIVE;
				CLANG_WARN_UNREACHABLE_CODE = YES;
				CLANG_WARN__DUPLICATE_METHOD_MATCH = YES;
				COPY_PHASE_STRIP = NO;
				DEBUG_INFORMATION_FORMAT = dwarf;
				ENABLE_STRICT_OBJC_MSGSEND = YES;
				ENABLE_TESTABILITY = YES;
				ENABLE_USER_SCRIPT_SANDBOXING = YES;
				GCC_C_LANGUAGE_STANDARD = gnu17;
				GCC_DYNAMIC_NO_PIC = NO;
				GCC_NO_COMMON_BLOCKS = YES;
				GCC_OPTIMIZATION_LEVEL = 0;
				GCC_PREPROCESSOR_DEFINITIONS = (
					"DEBUG=1",
					"$(inherited)",
				);
				GCC_WARN_64_TO_32_BIT_CONVERSION = YES;
				GCC_WARN_ABOUT_RETURN_TYPE = YES_ERROR;
				GCC_WARN_UNDECLARED_SELECTOR = YES;
				GCC_WARN_UNINITIALIZED_AUTOS = YES_AGGRESSIVE;
				GCC_WARN_UNUSED_FUNCTION = YES;
				GCC_WARN_UNUSED_VARIABLE = YES;
				LOCALIZATION_PREFERS_STRING_CATALOGS = YES;
				MTL_ENABLE_DEBUG_INFO = INCLUDE_SOURCE;
				MTL_FAST_MATH = YES;
				ONLY_ACTIVE_ARCH = YES;
				SWIFT_ACTIVE_COMPILATION_CONDITIONS = "DEBUG $(inherited)";
				SWIFT_OPTIMIZATION_LEVEL = "-Onone";
			};
			name = Debug;
		};
		8C5840EC2B0FE9DB00DF1D9C /* Release */ = {
			isa = XCBuildConfiguration;
			buildSettings = {
				ALWAYS_SEARCH_USER_PATHS = NO;
				ASSETCATALOG_COMPILER_GENERATE_SWIFT_ASSET_SYMBOL_EXTENSIONS = YES;
				CLANG_ANALYZER_NONNULL = YES;
				CLANG_ANALYZER_NUMBER_OBJECT_CONVERSION = YES_AGGRESSIVE;
				CLANG_CXX_LANGUAGE_STANDARD = "gnu++20";
				CLANG_ENABLE_MODULES = YES;
				CLANG_ENABLE_OBJC_ARC = YES;
				CLANG_ENABLE_OBJC_WEAK = YES;
				CLANG_WARN_BLOCK_CAPTURE_AUTORELEASING = YES;
				CLANG_WARN_BOOL_CONVERSION = YES;
				CLANG_WARN_COMMA = YES;
				CLANG_WARN_CONSTANT_CONVERSION = YES;
				CLANG_WARN_DEPRECATED_OBJC_IMPLEMENTATIONS = YES;
				CLANG_WARN_DIRECT_OBJC_ISA_USAGE = YES_ERROR;
				CLANG_WARN_DOCUMENTATION_COMMENTS = YES;
				CLANG_WARN_EMPTY_BODY = YES;
				CLANG_WARN_ENUM_CONVERSION = YES;
				CLANG_WARN_INFINITE_RECURSION = YES;
				CLANG_WARN_INT_CONVERSION = YES;
				CLANG_WARN_NON_LITERAL_NULL_CONVERSION = YES;
				CLANG_WARN_OBJC_IMPLICIT_RETAIN_SELF = YES;
				CLANG_WARN_OBJC_LITERAL_CONVERSION = YES;
				CLANG_WARN_OBJC_ROOT_CLASS = YES_ERROR;
				CLANG_WARN_QUOTED_INCLUDE_IN_FRAMEWORK_HEADER = YES;
				CLANG_WARN_RANGE_LOOP_ANALYSIS = YES;
				CLANG_WARN_STRICT_PROTOTYPES = YES;
				CLANG_WARN_SUSPICIOUS_MOVE = YES;
				CLANG_WARN_UNGUARDED_AVAILABILITY = YES_AGGRESSIVE;
				CLANG_WARN_UNREACHABLE_CODE = YES;
				CLANG_WARN__DUPLICATE_METHOD_MATCH = YES;
				COPY_PHASE_STRIP = NO;
				DEBUG_INFORMATION_FORMAT = "dwarf-with-dsym";
				ENABLE_NS_ASSERTIONS = NO;
				ENABLE_STRICT_OBJC_MSGSEND = YES;
				ENABLE_USER_SCRIPT_SANDBOXING = YES;
				GCC_C_LANGUAGE_STANDARD = gnu17;
				GCC_NO_COMMON_BLOCKS = YES;
				GCC_WARN_64_TO_32_BIT_CONVERSION = YES;
				GCC_WARN_ABOUT_RETURN_TYPE = YES_ERROR;
				GCC_WARN_UNDECLARED_SELECTOR = YES;
				GCC_WARN_UNINITIALIZED_AUTOS = YES_AGGRESSIVE;
				GCC_WARN_UNUSED_FUNCTION = YES;
				GCC_WARN_UNUSED_VARIABLE = YES;
				LOCALIZATION_PREFERS_STRING_CATALOGS = YES;
				MTL_ENABLE_DEBUG_INFO = NO;
				MTL_FAST_MATH = YES;
				SWIFT_COMPILATION_MODE = wholemodule;
			};
			name = Release;
		};
		8C5840EE2B0FE9DB00DF1D9C /* Debug */ = {
			isa = XCBuildConfiguration;
			buildSettings = {
				ASSETCATALOG_COMPILER_APPICON_NAME = AppIcon;
				ASSETCATALOG_COMPILER_GLOBAL_ACCENT_COLOR_NAME = AccentColor;
				CODE_SIGN_ENTITLEMENTS = Calculator/Calculator.entitlements;
				CODE_SIGN_STYLE = Automatic;
				CURRENT_PROJECT_VERSION = 1;
				DEVELOPMENT_ASSET_PATHS = "\"Calculator/Preview Content\"";
				DEVELOPMENT_TEAM = DD3P835Y9D;
				ENABLE_HARDENED_RUNTIME = YES;
				ENABLE_PREVIEWS = YES;
				GENERATE_INFOPLIST_FILE = YES;
				"INFOPLIST_KEY_UIApplicationSceneManifest_Generation[sdk=iphoneos*]" = YES;
				"INFOPLIST_KEY_UIApplicationSceneManifest_Generation[sdk=iphonesimulator*]" = YES;
				"INFOPLIST_KEY_UIApplicationSupportsIndirectInputEvents[sdk=iphoneos*]" = YES;
				"INFOPLIST_KEY_UIApplicationSupportsIndirectInputEvents[sdk=iphonesimulator*]" = YES;
				"INFOPLIST_KEY_UILaunchScreen_Generation[sdk=iphoneos*]" = YES;
				"INFOPLIST_KEY_UILaunchScreen_Generation[sdk=iphonesimulator*]" = YES;
				"INFOPLIST_KEY_UIStatusBarStyle[sdk=iphoneos*]" = UIStatusBarStyleDefault;
				"INFOPLIST_KEY_UIStatusBarStyle[sdk=iphonesimulator*]" = UIStatusBarStyleDefault;
				INFOPLIST_KEY_UISupportedInterfaceOrientations_iPad = "UIInterfaceOrientationPortrait UIInterfaceOrientationPortraitUpsideDown UIInterfaceOrientationLandscapeLeft UIInterfaceOrientationLandscapeRight";
				INFOPLIST_KEY_UISupportedInterfaceOrientations_iPhone = "UIInterfaceOrientationPortrait UIInterfaceOrientationLandscapeLeft UIInterfaceOrientationLandscapeRight";
				IPHONEOS_DEPLOYMENT_TARGET = 17.0;
				LD_RUNPATH_SEARCH_PATHS = "@executable_path/Frameworks";
				"LD_RUNPATH_SEARCH_PATHS[sdk=macosx*]" = "@executable_path/../Frameworks";
				MACOSX_DEPLOYMENT_TARGET = 14.0;
				MARKETING_VERSION = 1.0;
				PRODUCT_BUNDLE_IDENTIFIER = com.aldnur.Calculator;
				PRODUCT_NAME = "$(TARGET_NAME)";
				SDKROOT = auto;
				SUPPORTED_PLATFORMS = "iphoneos iphonesimulator macosx";
				SWIFT_EMIT_LOC_STRINGS = YES;
				SWIFT_VERSION = 5.0;
				TARGETED_DEVICE_FAMILY = "1,2";
			};
			name = Debug;
		};
		8C5840EF2B0FE9DB00DF1D9C /* Release */ = {
			isa = XCBuildConfiguration;
			buildSettings = {
				ASSETCATALOG_COMPILER_APPICON_NAME = AppIcon;
				ASSETCATALOG_COMPILER_GLOBAL_ACCENT_COLOR_NAME = AccentColor;
				CODE_SIGN_ENTITLEMENTS = Calculator/Calculator.entitlements;
				CODE_SIGN_STYLE = Automatic;
				CURRENT_PROJECT_VERSION = 1;
				DEVELOPMENT_ASSET_PATHS = "\"Calculator/Preview Content\"";
				DEVELOPMENT_TEAM = DD3P835Y9D;
				ENABLE_HARDENED_RUNTIME = YES;
				ENABLE_PREVIEWS = YES;
				GENERATE_INFOPLIST_FILE = YES;
				"INFOPLIST_KEY_UIApplicationSceneManifest_Generation[sdk=iphoneos*]" = YES;
				"INFOPLIST_KEY_UIApplicationSceneManifest_Generation[sdk=iphonesimulator*]" = YES;
				"INFOPLIST_KEY_UIApplicationSupportsIndirectInputEvents[sdk=iphoneos*]" = YES;
				"INFOPLIST_KEY_UIApplicationSupportsIndirectInputEvents[sdk=iphonesimulator*]" = YES;
				"INFOPLIST_KEY_UILaunchScreen_Generation[sdk=iphoneos*]" = YES;
				"INFOPLIST_KEY_UILaunchScreen_Generation[sdk=iphonesimulator*]" = YES;
				"INFOPLIST_KEY_UIStatusBarStyle[sdk=iphoneos*]" = UIStatusBarStyleDefault;
				"INFOPLIST_KEY_UIStatusBarStyle[sdk=iphonesimulator*]" = UIStatusBarStyleDefault;
				INFOPLIST_KEY_UISupportedInterfaceOrientations_iPad = "UIInterfaceOrientationPortrait UIInterfaceOrientationPortraitUpsideDown UIInterfaceOrientationLandscapeLeft UIInterfaceOrientationLandscapeRight";
				INFOPLIST_KEY_UISupportedInterfaceOrientations_iPhone = "UIInterfaceOrientationPortrait UIInterfaceOrientationLandscapeLeft UIInterfaceOrientationLandscapeRight";
				IPHONEOS_DEPLOYMENT_TARGET = 17.0;
				LD_RUNPATH_SEARCH_PATHS = "@executable_path/Frameworks";
				"LD_RUNPATH_SEARCH_PATHS[sdk=macosx*]" = "@executable_path/../Frameworks";
				MACOSX_DEPLOYMENT_TARGET = 14.0;
				MARKETING_VERSION = 1.0;
				PRODUCT_BUNDLE_IDENTIFIER = com.aldnur.Calculator;
				PRODUCT_NAME = "$(TARGET_NAME)";
				SDKROOT = auto;
				SUPPORTED_PLATFORMS = "iphoneos iphonesimulator macosx";
				SWIFT_EMIT_LOC_STRINGS = YES;
				SWIFT_VERSION = 5.0;
				TARGETED_DEVICE_FAMILY = "1,2";
			};
			name = Release;
		};
/* End XCBuildConfiguration section */

/* Begin XCConfigurationList section */
		8C5840D92B0FE9DA00DF1D9C /* Build configuration list for PBXProject "Calculator" */ = {
			isa = XCConfigurationList;
			buildConfigurations = (
				8C5840EB2B0FE9DB00DF1D9C /* Debug */,
				8C5840EC2B0FE9DB00DF1D9C /* Release */,
			);
			defaultConfigurationIsVisible = 0;
			defaultConfigurationName = Release;
		};
		8C5840ED2B0FE9DB00DF1D9C /* Build configuration list for PBXNativeTarget "Calculator" */ = {
			isa = XCConfigurationList;
			buildConfigurations = (
				8C5840EE2B0FE9DB00DF1D9C /* Debug */,
				8C5840EF2B0FE9DB00DF1D9C /* Release */,
			);
			defaultConfigurationIsVisible = 0;
			defaultConfigurationName = Release;
		};
/* End XCConfigurationList section */
	};
	rootObject = 8C5840D62B0FE9DA00DF1D9C /* Project object */;
}
